
Microsoft Visual Studio Solution File, Format Version 12.00
# Visual Studio 15
Project("{FAE04EC0-301F-11D3-BF4B-00C04F79EFBC}") = "XMLDocs", "XMLDocs\XMLDocs.csproj", "{005DE162-76AC-4EE4-9DD5-79D1EEED51AA}"
EndProject
Global
	GlobalSection(SolutionConfigurationPlatforms) = preSolution
		Debug|Any CPU = Debug|Any CPU
		Release|Any CPU = Release|Any CPU
	EndGlobalSection
	GlobalSection(ProjectConfigurationPlatforms) = postSolution
		{005DE162-76AC-4EE4-9DD5-79D1EEED51AA}.Debug|Any CPU.ActiveCfg = Debug|Any CPU
		{005DE162-76AC-4EE4-9DD5-79D1EEED51AA}.Debug|Any CPU.Build.0 = Debug|Any CPU
		{005DE162-76AC-4EE4-9DD5-79D1EEED51AA}.Release|Any CPU.ActiveCfg = Release|Any CPU
		{005DE162-76AC-4EE4-9DD5-79D1EEED51AA}.Release|Any CPU.Build.0 = Release|Any CPU
	EndGlobalSection
EndGlobal
